
Microsoft Visual Studio Solution File, Format Version 12.00
# Visual Studio Version 17
VisualStudioVersion = 17.8.34316.72
MinimumVisualStudioVersion = 10.0.40219.1
Project("{FAE04EC0-301F-11D3-BF4B-00C04F79EFBC}") = "Vector3D", "Vector3D\Vector3D.csproj", "{4F90B251-2905-46DF-9A0E-F500F7DAA356}"
EndProject
Global
	GlobalSection(SolutionConfigurationPlatforms) = preSolution
		Debug|Any CPU = Debug|Any CPU
		Release|Any CPU = Release|Any CPU
	EndGlobalSection
	GlobalSection(ProjectConfigurationPlatforms) = postSolution
		{4F90B251-2905-46DF-9A0E-F500F7DAA356}.Debug|Any CPU.ActiveCfg = Debug|Any CPU
		{4F90B251-2905-46DF-9A0E-F500F7DAA356}.Debug|Any CPU.Build.0 = Debug|Any CPU
		{4F90B251-2905-46DF-9A0E-F500F7DAA356}.Release|Any CPU.ActiveCfg = Release|Any CPU
		{4F90B251-2905-46DF-9A0E-F500F7DAA356}.Release|Any CPU.Build.0 = Release|Any CPU
	EndGlobalSection
	GlobalSection(SolutionProperties) = preSolution
		HideSolutionNode = FALSE
	EndGlobalSection
	GlobalSection(ExtensibilityGlobals) = postSolution
		SolutionGuid = {1F0323E6-A756-449A-A26E-87CA3EA7C8C6}
	EndGlobalSection
EndGlobal
